
Microsoft Visual Studio Solution File, Format Version 12.00
# Visual Studio Version 16
VisualStudioVersion = 16.0.30204.135
MinimumVisualStudioVersion = 10.0.40219.1
Project("{FAE04EC0-301F-11D3-BF4B-00C04F79EFBC}") = "Assignment1", "Assignment1.csproj", "{0AD7288B-6A46-4A7B-9888-4B13CA1DAF87}"
EndProject
Global
	GlobalSection(SolutionConfigurationPlatforms) = preSolution
		Debug|Any CPU = Debug|Any CPU
		Release|Any CPU = Release|Any CPU
	EndGlobalSection
	GlobalSection(ProjectConfigurationPlatforms) = postSolution
		{0AD7288B-6A46-4A7B-9888-4B13CA1DAF87}.Debug|Any CPU.ActiveCfg = Debug|Any CPU
		{0AD7288B-6A46-4A7B-9888-4B13CA1DAF87}.Debug|Any CPU.Build.0 = Debug|Any CPU
		{0AD7288B-6A46-4A7B-9888-4B13CA1DAF87}.Release|Any CPU.ActiveCfg = Release|Any CPU
		{0AD7288B-6A46-4A7B-9888-4B13CA1DAF87}.Release|Any CPU.Build.0 = Release|Any CPU
	EndGlobalSection
	GlobalSection(SolutionProperties) = preSolution
		HideSolutionNode = FALSE
	EndGlobalSection
	GlobalSection(ExtensibilityGlobals) = postSolution
		SolutionGuid = {A1E4875D-B27F-4A31-85B8-3EF001A9543A}
	EndGlobalSection
EndGlobal
